
Microsoft Visual Studio Solution File, Format Version 12.00
# Visual Studio Version 16
VisualStudioVersion = 16.0.31515.178
MinimumVisualStudioVersion = 10.0.40219.1
Project("{9A19103F-16F7-4668-BE54-9A1E7A4F7556}") = "ExerciesIntermediateClassesInterfaces", "ExerciesIntermediateClassesInterfaces\ExerciesIntermediateClassesInterfaces.csproj", "{A7600E93-6BDB-4CC1-AC91-D9AEBFC0EDCF}"
EndProject
Project("{9A19103F-16F7-4668-BE54-9A1E7A4F7556}") = "ExerciesIntermediateClasses", "ExerciesIntermediateClasses\ExerciesIntermediateClasses.csproj", "{E884508E-457C-4C19-8AE2-E6BE37486479}"
EndProject
Project("{9A19103F-16F7-4668-BE54-9A1E7A4F7556}") = "DecoratorPattern", "DecoratorPattern\DecoratorPattern.csproj", "{F2E95FA3-99A9-4DFE-A25A-EC3BFA8B6CEC}"
EndProject
Project("{9A19103F-16F7-4668-BE54-9A1E7A4F7556}") = "CompositePattern", "CompositePattern\CompositePattern.csproj", "{D5C8A3E9-D45A-4A72-9AED-9CE8223C3A42}"
EndProject
Project("{9A19103F-16F7-4668-BE54-9A1E7A4F7556}") = "ServiceBusConnections", "ServiceBusConnections\ServiceBusConnections.csproj", "{8DF4CBA8-D1B3-4C42-B1EB-45A093CEBD16}"
EndProject
Project("{9A19103F-16F7-4668-BE54-9A1E7A4F7556}") = "QueueMessages", "QueueMessages\QueueMessages.csproj", "{1120DC15-3A05-4A1E-9C09-66F85E3CB046}"
EndProject
Project("{9A19103F-16F7-4668-BE54-9A1E7A4F7556}") = "OpenClosePricipleExample", "OpenClosePricipleExample\OpenClosePricipleExample.csproj", "{43B4DC7D-B3F2-4606-8B54-6EBF4620F6FC}"
EndProject
Project("{FAE04EC0-301F-11D3-BF4B-00C04F79EFBC}") = "PollyExample", "PollyExample\PollyExample.csproj", "{6D5DED82-F58D-43F1-B5B9-EAF1AE3E3DCB}"
EndProject
Global
	GlobalSection(SolutionConfigurationPlatforms) = preSolution
		Debug|Any CPU = Debug|Any CPU
		Release|Any CPU = Release|Any CPU
	EndGlobalSection
	GlobalSection(ProjectConfigurationPlatforms) = postSolution
		{A7600E93-6BDB-4CC1-AC91-D9AEBFC0EDCF}.Debug|Any CPU.ActiveCfg = Debug|Any CPU
		{A7600E93-6BDB-4CC1-AC91-D9AEBFC0EDCF}.Debug|Any CPU.Build.0 = Debug|Any CPU
		{A7600E93-6BDB-4CC1-AC91-D9AEBFC0EDCF}.Release|Any CPU.ActiveCfg = Release|Any CPU
		{A7600E93-6BDB-4CC1-AC91-D9AEBFC0EDCF}.Release|Any CPU.Build.0 = Release|Any CPU
		{E884508E-457C-4C19-8AE2-E6BE37486479}.Debug|Any CPU.ActiveCfg = Debug|Any CPU
		{E884508E-457C-4C19-8AE2-E6BE37486479}.Debug|Any CPU.Build.0 = Debug|Any CPU
		{E884508E-457C-4C19-8AE2-E6BE37486479}.Release|Any CPU.ActiveCfg = Release|Any CPU
		{E884508E-457C-4C19-8AE2-E6BE37486479}.Release|Any CPU.Build.0 = Release|Any CPU
		{F2E95FA3-99A9-4DFE-A25A-EC3BFA8B6CEC}.Debug|Any CPU.ActiveCfg = Debug|Any CPU
		{F2E95FA3-99A9-4DFE-A25A-EC3BFA8B6CEC}.Debug|Any CPU.Build.0 = Debug|Any CPU
		{F2E95FA3-99A9-4DFE-A25A-EC3BFA8B6CEC}.Release|Any CPU.ActiveCfg = Release|Any CPU
		{F2E95FA3-99A9-4DFE-A25A-EC3BFA8B6CEC}.Release|Any CPU.Build.0 = Release|Any CPU
		{D5C8A3E9-D45A-4A72-9AED-9CE8223C3A42}.Debug|Any CPU.ActiveCfg = Debug|Any CPU
		{D5C8A3E9-D45A-4A72-9AED-9CE8223C3A42}.Debug|Any CPU.Build.0 = Debug|Any CPU
		{D5C8A3E9-D45A-4A72-9AED-9CE8223C3A42}.Release|Any CPU.ActiveCfg = Release|Any CPU
		{D5C8A3E9-D45A-4A72-9AED-9CE8223C3A42}.Release|Any CPU.Build.0 = Release|Any CPU
		{8DF4CBA8-D1B3-4C42-B1EB-45A093CEBD16}.Debug|Any CPU.ActiveCfg = Debug|Any CPU
		{8DF4CBA8-D1B3-4C42-B1EB-45A093CEBD16}.Debug|Any CPU.Build.0 = Debug|Any CPU
		{8DF4CBA8-D1B3-4C42-B1EB-45A093CEBD16}.Release|Any CPU.ActiveCfg = Release|Any CPU
		{8DF4CBA8-D1B3-4C42-B1EB-45A093CEBD16}.Release|Any CPU.Build.0 = Release|Any CPU
		{1120DC15-3A05-4A1E-9C09-66F85E3CB046}.Debug|Any CPU.ActiveCfg = Debug|Any CPU
		{1120DC15-3A05-4A1E-9C09-66F85E3CB046}.Debug|Any CPU.Build.0 = Debug|Any CPU
		{1120DC15-3A05-4A1E-9C09-66F85E3CB046}.Release|Any CPU.ActiveCfg = Release|Any CPU
		{1120DC15-3A05-4A1E-9C09-66F85E3CB046}.Release|Any CPU.Build.0 = Release|Any CPU
		{43B4DC7D-B3F2-4606-8B54-6EBF4620F6FC}.Debug|Any CPU.ActiveCfg = Debug|Any CPU
		{43B4DC7D-B3F2-4606-8B54-6EBF4620F6FC}.Debug|Any CPU.Build.0 = Debug|Any CPU
		{43B4DC7D-B3F2-4606-8B54-6EBF4620F6FC}.Release|Any CPU.ActiveCfg = Release|Any CPU
		{43B4DC7D-B3F2-4606-8B54-6EBF4620F6FC}.Release|Any CPU.Build.0 = Release|Any CPU
		{6D5DED82-F58D-43F1-B5B9-EAF1AE3E3DCB}.Debug|Any CPU.ActiveCfg = Debug|Any CPU
		{6D5DED82-F58D-43F1-B5B9-EAF1AE3E3DCB}.Debug|Any CPU.Build.0 = Debug|Any CPU
		{6D5DED82-F58D-43F1-B5B9-EAF1AE3E3DCB}.Release|Any CPU.ActiveCfg = Release|Any CPU
		{6D5DED82-F58D-43F1-B5B9-EAF1AE3E3DCB}.Release|Any CPU.Build.0 = Release|Any CPU
	EndGlobalSection
	GlobalSection(SolutionProperties) = preSolution
		HideSolutionNode = FALSE
	EndGlobalSection
	GlobalSection(ExtensibilityGlobals) = postSolution
		SolutionGuid = {5AA6A0A5-1904-4217-9089-1E5411520A77}
	EndGlobalSection
EndGlobal
